{
  "lib/forge-std": {
    "rev": "a6d71da563bbb8d6eef8fbec3a16c61c603d2764"
  },
  "lib/openzeppelin-contracts": {
    "rev": "fcbae5394ae8ad52d8e580a3477db99814b9d565"
  },
  "lib/v4-core": {
    "rev": "d153b048868a60c2403a3ef5b2301bb247884d46"
  },
  "lib/v4-periphery": {
    "rev": "7ebd04b161745b75ed0c24ba2df3bc7c25f65606"
  }
}